
Microsoft Visual Studio Solution File, Format Version 12.00
# Visual Studio Version 17
VisualStudioVersion = 17.10.34928.147
MinimumVisualStudioVersion = 10.0.40219.1
Project("{FAE04EC0-301F-11D3-BF4B-00C04F79EFBC}") = "CAR_RENTAL", "CAR_RENTAL\CAR_RENTAL.csproj", "{83380C9E-7C34-48CE-A042-2AD101E6F49B}"
EndProject
Global
	GlobalSection(SolutionConfigurationPlatforms) = preSolution
		Debug|Any CPU = Debug|Any CPU
		Release|Any CPU = Release|Any CPU
	EndGlobalSection
	GlobalSection(ProjectConfigurationPlatforms) = postSolution
		{83380C9E-7C34-48CE-A042-2AD101E6F49B}.Debug|Any CPU.ActiveCfg = Debug|Any CPU
		{83380C9E-7C34-48CE-A042-2AD101E6F49B}.Debug|Any CPU.Build.0 = Debug|Any CPU
		{83380C9E-7C34-48CE-A042-2AD101E6F49B}.Release|Any CPU.ActiveCfg = Release|Any CPU
		{83380C9E-7C34-48CE-A042-2AD101E6F49B}.Release|Any CPU.Build.0 = Release|Any CPU
	EndGlobalSection
	GlobalSection(SolutionProperties) = preSolution
		HideSolutionNode = FALSE
	EndGlobalSection
	GlobalSection(ExtensibilityGlobals) = postSolution
		SolutionGuid = {E037C8AC-6BEF-47EC-AB0B-F7B658367038}
	EndGlobalSection
EndGlobal
